// !$*UTF8*$!
{
	archiveVersion = 1;
	classes = {
	};
	objectVersion = 56;
	objects = {

/* Begin PBXBuildFile section */
		9E0581CF29E7F108005C0C26 /* MatchedViewTrainingApp.swift in Sources */ = {isa = PBXBuildFile; fileRef = 9E0581CE29E7F108005C0C26 /* MatchedViewTrainingApp.swift */; };
		9E0581D329E7F10B005C0C26 /* Assets.xcassets in Resources */ = {isa = PBXBuildFile; fileRef = 9E0581D229E7F10B005C0C26 /* Assets.xcassets */; };
		9E0581D629E7F10B005C0C26 /* Preview Assets.xcassets in Resources */ = {isa = PBXBuildFile; fileRef = 9E0581D529E7F10B005C0C26 /* Preview Assets.xcassets */; };
		9E84A9D129E81210007CB277 /* TutorialMVText.swift in Sources */ = {isa = PBXBuildFile; fileRef = 9E84A9D029E81210007CB277 /* TutorialMVText.swift */; };
		9E84A9D329E8124E007CB277 /* TutorialMVTextWithColours.swift in Sources */ = {isa = PBXBuildFile; fileRef = 9E84A9D229E8124E007CB277 /* TutorialMVTextWithColours.swift */; };
		9E84A9D529E8128F007CB277 /* TutorialMVWithRepositioning.swift in Sources */ = {isa = PBXBuildFile; fileRef = 9E84A9D429E8128F007CB277 /* TutorialMVWithRepositioning.swift */; };
		9E84A9D729E81320007CB277 /* MatchedView.swift in Sources */ = {isa = PBXBuildFile; fileRef = 9E84A9D629E81320007CB277 /* MatchedView.swift */; };
		9EC370C029E877500052192B /* TutorialMVOveralyAndMasks.swift in Sources */ = {isa = PBXBuildFile; fileRef = 9EC370BF29E877500052192B /* TutorialMVOveralyAndMasks.swift */; };
		9EDB283229EDAB8D00C1906F /* CourseItem.swift in Sources */ = {isa = PBXBuildFile; fileRef = 9EDB283129EDAB8D00C1906F /* CourseItem.swift */; };
		9EDB283529EDADAD00C1906F /* CourseView.swift in Sources */ = {isa = PBXBuildFile; fileRef = 9EDB283429EDADAD00C1906F /* CourseView.swift */; };
		9EDB283729EDAF0500C1906F /* HomeView.swift in Sources */ = {isa = PBXBuildFile; fileRef = 9EDB283629EDAF0500C1906F /* HomeView.swift */; };
		9EDB283B29EDBADA00C1906F /* Animations.swift in Sources */ = {isa = PBXBuildFile; fileRef = 9EDB283A29EDBADA00C1906F /* Animations.swift */; };
/* End PBXBuildFile section */

/* Begin PBXFileReference section */
		9E0581CB29E7F108005C0C26 /* MatchedViewTraining.app */ = {isa = PBXFileReference; explicitFileType = wrapper.application; includeInIndex = 0; path = MatchedViewTraining.app; sourceTree = BUILT_PRODUCTS_DIR; };
		9E0581CE29E7F108005C0C26 /* MatchedViewTrainingApp.swift */ = {isa = PBXFileReference; lastKnownFileType = sourcecode.swift; path = MatchedViewTrainingApp.swift; sourceTree = "<group>"; };
		9E0581D229E7F10B005C0C26 /* Assets.xcassets */ = {isa = PBXFileReference; lastKnownFileType = folder.assetcatalog; path = Assets.xcassets; sourceTree = "<group>"; };
		9E0581D529E7F10B005C0C26 /* Preview Assets.xcassets */ = {isa = PBXFileReference; lastKnownFileType = folder.assetcatalog; path = "Preview Assets.xcassets"; sourceTree = "<group>"; };
		9E84A9D029E81210007CB277 /* TutorialMVText.swift */ = {isa = PBXFileReference; lastKnownFileType = sourcecode.swift; path = TutorialMVText.swift; sourceTree = "<group>"; };
		9E84A9D229E8124E007CB277 /* TutorialMVTextWithColours.swift */ = {isa = PBXFileReference; lastKnownFileType = sourcecode.swift; path = TutorialMVTextWithColours.swift; sourceTree = "<group>"; };
		9E84A9D429E8128F007CB277 /* TutorialMVWithRepositioning.swift */ = {isa = PBXFileReference; lastKnownFileType = sourcecode.swift; path = TutorialMVWithRepositioning.swift; sourceTree = "<group>"; };
		9E84A9D629E81320007CB277 /* MatchedView.swift */ = {isa = PBXFileReference; lastKnownFileType = sourcecode.swift; path = MatchedView.swift; sourceTree = "<group>"; };
		9EC370BF29E877500052192B /* TutorialMVOveralyAndMasks.swift */ = {isa = PBXFileReference; lastKnownFileType = sourcecode.swift; path = TutorialMVOveralyAndMasks.swift; sourceTree = "<group>"; };
		9EDB283129EDAB8D00C1906F /* CourseItem.swift */ = {isa = PBXFileReference; lastKnownFileType = sourcecode.swift; path = CourseItem.swift; sourceTree = "<group>"; };
		9EDB283429EDADAD00C1906F /* CourseView.swift */ = {isa = PBXFileReference; lastKnownFileType = sourcecode.swift; path = CourseView.swift; sourceTree = "<group>"; };
		9EDB283629EDAF0500C1906F /* HomeView.swift */ = {isa = PBXFileReference; lastKnownFileType = sourcecode.swift; path = HomeView.swift; sourceTree = "<group>"; };
		9EDB283A29EDBADA00C1906F /* Animations.swift */ = {isa = PBXFileReference; lastKnownFileType = sourcecode.swift; path = Animations.swift; sourceTree = "<group>"; };
/* End PBXFileReference section */

/* Begin PBXFrameworksBuildPhase section */
		9E0581C829E7F108005C0C26 /* Frameworks */ = {
			isa = PBXFrameworksBuildPhase;
			buildActionMask = 2147483647;
			files = (
			);
			runOnlyForDeploymentPostprocessing = 0;
		};
/* End PBXFrameworksBuildPhase section */

/* Begin PBXGroup section */
		9E0581C229E7F108005C0C26 = {
			isa = PBXGroup;
			children = (
				9E0581CD29E7F108005C0C26 /* MatchedViewTraining */,
				9E0581CC29E7F108005C0C26 /* Products */,
			);
			sourceTree = "<group>";
		};
		9E0581CC29E7F108005C0C26 /* Products */ = {
			isa = PBXGroup;
			children = (
				9E0581CB29E7F108005C0C26 /* MatchedViewTraining.app */,
			);
			name = Products;
			sourceTree = "<group>";
		};
		9E0581CD29E7F108005C0C26 /* MatchedViewTraining */ = {
			isa = PBXGroup;
			children = (
				9E0581CE29E7F108005C0C26 /* MatchedViewTrainingApp.swift */,
				9E84A9D629E81320007CB277 /* MatchedView.swift */,
				9EDB283629EDAF0500C1906F /* HomeView.swift */,
				9EDB283329EDAD9800C1906F /* View */,
				9EDB283029EDAB6000C1906F /* Components */,
				9EDB283829EDBAB200C1906F /* Style */,
				9EC370BE29E869EB0052192B /* Tutorial 2 */,
				9E0581E429E805FB005C0C26 /* Tutorial-part-1 */,
				9E0581D229E7F10B005C0C26 /* Assets.xcassets */,
				9E0581D429E7F10B005C0C26 /* Preview Content */,
			);
			path = MatchedViewTraining;
			sourceTree = "<group>";
		};
		9E0581D429E7F10B005C0C26 /* Preview Content */ = {
			isa = PBXGroup;
			children = (
				9E0581D529E7F10B005C0C26 /* Preview Assets.xcassets */,
			);
			path = "Preview Content";
			sourceTree = "<group>";
		};
		9E0581E429E805FB005C0C26 /* Tutorial-part-1 */ = {
			isa = PBXGroup;
			children = (
				9E84A9D429E8128F007CB277 /* TutorialMVWithRepositioning.swift */,
				9E84A9D029E81210007CB277 /* TutorialMVText.swift */,
				9E84A9D229E8124E007CB277 /* TutorialMVTextWithColours.swift */,
			);
			path = "Tutorial-part-1";
			sourceTree = "<group>";
		};
		9EC370BE29E869EB0052192B /* Tutorial 2 */ = {
			isa = PBXGroup;
			children = (
				9EC370BF29E877500052192B /* TutorialMVOveralyAndMasks.swift */,
			);
			path = "Tutorial 2";
			sourceTree = "<group>";
		};
		9EDB283029EDAB6000C1906F /* Components */ = {
			isa = PBXGroup;
			children = (
				9EDB283129EDAB8D00C1906F /* CourseItem.swift */,
			);
			path = Components;
			sourceTree = "<group>";
		};
		9EDB283329EDAD9800C1906F /* View */ = {
			isa = PBXGroup;
			children = (
				9EDB283429EDADAD00C1906F /* CourseView.swift */,
			);
			path = View;
			sourceTree = "<group>";
		};
		9EDB283829EDBAB200C1906F /* Style */ = {
			isa = PBXGroup;
			children = (
				9EDB283A29EDBADA00C1906F /* Animations.swift */,
			);
			path = Style;
			sourceTree = "<group>";
		};
/* End PBXGroup section */

/* Begin PBXNativeTarget section */
		9E0581CA29E7F108005C0C26 /* MatchedViewTraining */ = {
			isa = PBXNativeTarget;
			buildConfigurationList = 9E0581D929E7F10B005C0C26 /* Build configuration list for PBXNativeTarget "MatchedViewTraining" */;
			buildPhases = (
				9E0581C729E7F108005C0C26 /* Sources */,
				9E0581C829E7F108005C0C26 /* Frameworks */,
				9E0581C929E7F108005C0C26 /* Resources */,
			);
			buildRules = (
			);
			dependencies = (
			);
			name = MatchedViewTraining;
			productName = MatchedViewTraining;
			productReference = 9E0581CB29E7F108005C0C26 /* MatchedViewTraining.app */;
			productType = "com.apple.product-type.application";
		};
/* End PBXNativeTarget section */

/* Begin PBXProject section */
		9E0581C329E7F108005C0C26 /* Project object */ = {
			isa = PBXProject;
			attributes = {
				BuildIndependentTargetsInParallel = 1;
				LastSwiftUpdateCheck = 1420;
				LastUpgradeCheck = 1420;
				TargetAttributes = {
					9E0581CA29E7F108005C0C26 = {
						CreatedOnToolsVersion = 14.2;
					};
				};
			};
			buildConfigurationList = 9E0581C629E7F108005C0C26 /* Build configuration list for PBXProject "MatchedViewTraining" */;
			compatibilityVersion = "Xcode 14.0";
			developmentRegion = en;
			hasScannedForEncodings = 0;
			knownRegions = (
				en,
				Base,
			);
			mainGroup = 9E0581C229E7F108005C0C26;
			productRefGroup = 9E0581CC29E7F108005C0C26 /* Products */;
			projectDirPath = "";
			projectRoot = "";
			targets = (
				9E0581CA29E7F108005C0C26 /* MatchedViewTraining */,
			);
		};
/* End PBXProject section */

/* Begin PBXResourcesBuildPhase section */
		9E0581C929E7F108005C0C26 /* Resources */ = {
			isa = PBXResourcesBuildPhase;
			buildActionMask = 2147483647;
			files = (
				9E0581D629E7F10B005C0C26 /* Preview Assets.xcassets in Resources */,
				9E0581D329E7F10B005C0C26 /* Assets.xcassets in Resources */,
			);
			runOnlyForDeploymentPostprocessing = 0;
		};
/* End PBXResourcesBuildPhase section */

/* Begin PBXSourcesBuildPhase section */
		9E0581C729E7F108005C0C26 /* Sources */ = {
			isa = PBXSourcesBuildPhase;
			buildActionMask = 2147483647;
			files = (
				9EDB283729EDAF0500C1906F /* HomeView.swift in Sources */,
				9E84A9D129E81210007CB277 /* TutorialMVText.swift in Sources */,
				9EC370C029E877500052192B /* TutorialMVOveralyAndMasks.swift in Sources */,
				9E0581CF29E7F108005C0C26 /* MatchedViewTrainingApp.swift in Sources */,
				9EDB283229EDAB8D00C1906F /* CourseItem.swift in Sources */,
				9E84A9D529E8128F007CB277 /* TutorialMVWithRepositioning.swift in Sources */,
				9EDB283B29EDBADA00C1906F /* Animations.swift in Sources */,
				9E84A9D329E8124E007CB277 /* TutorialMVTextWithColours.swift in Sources */,
				9E84A9D729E81320007CB277 /* MatchedView.swift in Sources */,
				9EDB283529EDADAD00C1906F /* CourseView.swift in Sources */,
			);
			runOnlyForDeploymentPostprocessing = 0;
		};
/* End PBXSourcesBuildPhase section */

/* Begin XCBuildConfiguration section */
		9E0581D729E7F10B005C0C26 /* Debug */ = {
			isa = XCBuildConfiguration;
			buildSettings = {
				ALWAYS_SEARCH_USER_PATHS = NO;
				CLANG_ANALYZER_NONNULL = YES;
				CLANG_ANALYZER_NUMBER_OBJECT_CONVERSION = YES_AGGRESSIVE;
				CLANG_CXX_LANGUAGE_STANDARD = "gnu++20";
				CLANG_ENABLE_MODULES = YES;
				CLANG_ENABLE_OBJC_ARC = YES;
				CLANG_ENABLE_OBJC_WEAK = YES;
				CLANG_WARN_BLOCK_CAPTURE_AUTORELEASING = YES;
				CLANG_WARN_BOOL_CONVERSION = YES;
				CLANG_WARN_COMMA = YES;
				CLANG_WARN_CONSTANT_CONVERSION = YES;
				CLANG_WARN_DEPRECATED_OBJC_IMPLEMENTATIONS = YES;
				CLANG_WARN_DIRECT_OBJC_ISA_USAGE = YES_ERROR;
				CLANG_WARN_DOCUMENTATION_COMMENTS = YES;
				CLANG_WARN_EMPTY_BODY = YES;
				CLANG_WARN_ENUM_CONVERSION = YES;
				CLANG_WARN_INFINITE_RECURSION = YES;
				CLANG_WARN_INT_CONVERSION = YES;
				CLANG_WARN_NON_LITERAL_NULL_CONVERSION = YES;
				CLANG_WARN_OBJC_IMPLICIT_RETAIN_SELF = YES;
				CLANG_WARN_OBJC_LITERAL_CONVERSION = YES;
				CLANG_WARN_OBJC_ROOT_CLASS = YES_ERROR;
				CLANG_WARN_QUOTED_INCLUDE_IN_FRAMEWORK_HEADER = YES;
				CLANG_WARN_RANGE_LOOP_ANALYSIS = YES;
				CLANG_WARN_STRICT_PROTOTYPES = YES;
				CLANG_WARN_SUSPICIOUS_MOVE = YES;
				CLANG_WARN_UNGUARDED_AVAILABILITY = YES_AGGRESSIVE;
				CLANG_WARN_UNREACHABLE_CODE = YES;
				CLANG_WARN__DUPLICATE_METHOD_MATCH = YES;
				COPY_PHASE_STRIP = NO;
				DEBUG_INFORMATION_FORMAT = dwarf;
				ENABLE_STRICT_OBJC_MSGSEND = YES;
				ENABLE_TESTABILITY = YES;
				GCC_C_LANGUAGE_STANDARD = gnu11;
				GCC_DYNAMIC_NO_PIC = NO;
				GCC_NO_COMMON_BLOCKS = YES;
				GCC_OPTIMIZATION_LEVEL = 0;
				GCC_PREPROCESSOR_DEFINITIONS = (
					"DEBUG=1",
					"$(inherited)",
				);
				GCC_WARN_64_TO_32_BIT_CONVERSION = YES;
				GCC_WARN_ABOUT_RETURN_TYPE = YES_ERROR;
				GCC_WARN_UNDECLARED_SELECTOR = YES;
				GCC_WARN_UNINITIALIZED_AUTOS = YES_AGGRESSIVE;
				GCC_WARN_UNUSED_FUNCTION = YES;
				GCC_WARN_UNUSED_VARIABLE = YES;
				IPHONEOS_DEPLOYMENT_TARGET = 16.2;
				MTL_ENABLE_DEBUG_INFO = INCLUDE_SOURCE;
				MTL_FAST_MATH = YES;
				ONLY_ACTIVE_ARCH = YES;
				SDKROOT = iphoneos;
				SWIFT_ACTIVE_COMPILATION_CONDITIONS = DEBUG;
				SWIFT_OPTIMIZATION_LEVEL = "-Onone";
			};
			name = Debug;
		};
		9E0581D829E7F10B005C0C26 /* Release */ = {
			isa = XCBuildConfiguration;
			buildSettings = {
				ALWAYS_SEARCH_USER_PATHS = NO;
				CLANG_ANALYZER_NONNULL = YES;
				CLANG_ANALYZER_NUMBER_OBJECT_CONVERSION = YES_AGGRESSIVE;
				CLANG_CXX_LANGUAGE_STANDARD = "gnu++20";
				CLANG_ENABLE_MODULES = YES;
				CLANG_ENABLE_OBJC_ARC = YES;
				CLANG_ENABLE_OBJC_WEAK = YES;
				CLANG_WARN_BLOCK_CAPTURE_AUTORELEASING = YES;
				CLANG_WARN_BOOL_CONVERSION = YES;
				CLANG_WARN_COMMA = YES;
				CLANG_WARN_CONSTANT_CONVERSION = YES;
				CLANG_WARN_DEPRECATED_OBJC_IMPLEMENTATIONS = YES;
				CLANG_WARN_DIRECT_OBJC_ISA_USAGE = YES_ERROR;
				CLANG_WARN_DOCUMENTATION_COMMENTS = YES;
				CLANG_WARN_EMPTY_BODY = YES;
				CLANG_WARN_ENUM_CONVERSION = YES;
				CLANG_WARN_INFINITE_RECURSION = YES;
				CLANG_WARN_INT_CONVERSION = YES;
				CLANG_WARN_NON_LITERAL_NULL_CONVERSION = YES;
				CLANG_WARN_OBJC_IMPLICIT_RETAIN_SELF = YES;
				CLANG_WARN_OBJC_LITERAL_CONVERSION = YES;
				CLANG_WARN_OBJC_ROOT_CLASS = YES_ERROR;
				CLANG_WARN_QUOTED_INCLUDE_IN_FRAMEWORK_HEADER = YES;
				CLANG_WARN_RANGE_LOOP_ANALYSIS = YES;
				CLANG_WARN_STRICT_PROTOTYPES = YES;
				CLANG_WARN_SUSPICIOUS_MOVE = YES;
				CLANG_WARN_UNGUARDED_AVAILABILITY = YES_AGGRESSIVE;
				CLANG_WARN_UNREACHABLE_CODE = YES;
				CLANG_WARN__DUPLICATE_METHOD_MATCH = YES;
				COPY_PHASE_STRIP = NO;
				DEBUG_INFORMATION_FORMAT = "dwarf-with-dsym";
				ENABLE_NS_ASSERTIONS = NO;
				ENABLE_STRICT_OBJC_MSGSEND = YES;
				GCC_C_LANGUAGE_STANDARD = gnu11;
				GCC_NO_COMMON_BLOCKS = YES;
				GCC_WARN_64_TO_32_BIT_CONVERSION = YES;
				GCC_WARN_ABOUT_RETURN_TYPE = YES_ERROR;
				GCC_WARN_UNDECLARED_SELECTOR = YES;
				GCC_WARN_UNINITIALIZED_AUTOS = YES_AGGRESSIVE;
				GCC_WARN_UNUSED_FUNCTION = YES;
				GCC_WARN_UNUSED_VARIABLE = YES;
				IPHONEOS_DEPLOYMENT_TARGET = 16.2;
				MTL_ENABLE_DEBUG_INFO = NO;
				MTL_FAST_MATH = YES;
				SDKROOT = iphoneos;
				SWIFT_COMPILATION_MODE = wholemodule;
				SWIFT_OPTIMIZATION_LEVEL = "-O";
				VALIDATE_PRODUCT = YES;
			};
			name = Release;
		};
		9E0581DA29E7F10B005C0C26 /* Debug */ = {
			isa = XCBuildConfiguration;
			buildSettings = {
				ASSETCATALOG_COMPILER_APPICON_NAME = AppIcon;
				ASSETCATALOG_COMPILER_GLOBAL_ACCENT_COLOR_NAME = AccentColor;
				CODE_SIGN_STYLE = Automatic;
				CURRENT_PROJECT_VERSION = 1;
				DEVELOPMENT_ASSET_PATHS = "\"MatchedViewTraining/Preview Content\"";
				DEVELOPMENT_TEAM = GJ4Q87M25X;
				ENABLE_PREVIEWS = YES;
				GENERATE_INFOPLIST_FILE = YES;
				INFOPLIST_KEY_UIApplicationSceneManifest_Generation = YES;
				INFOPLIST_KEY_UIApplicationSupportsIndirectInputEvents = YES;
				INFOPLIST_KEY_UILaunchScreen_Generation = YES;
				INFOPLIST_KEY_UISupportedInterfaceOrientations_iPad = "UIInterfaceOrientationPortrait UIInterfaceOrientationPortraitUpsideDown UIInterfaceOrientationLandscapeLeft UIInterfaceOrientationLandscapeRight";
				INFOPLIST_KEY_UISupportedInterfaceOrientations_iPhone = "UIInterfaceOrientationPortrait UIInterfaceOrientationLandscapeLeft UIInterfaceOrientationLandscapeRight";
				LD_RUNPATH_SEARCH_PATHS = (
					"$(inherited)",
					"@executable_path/Frameworks",
				);
				MARKETING_VERSION = 1.0;
				PRODUCT_BUNDLE_IDENTIFIER = antoniopalomba.MatchedViewTraining;
				PRODUCT_NAME = "$(TARGET_NAME)";
				SWIFT_EMIT_LOC_STRINGS = YES;
				SWIFT_VERSION = 5.0;
				TARGETED_DEVICE_FAMILY = "1,2";
			};
			name = Debug;
		};
		9E0581DB29E7F10B005C0C26 /* Release */ = {
			isa = XCBuildConfiguration;
			buildSettings = {
				ASSETCATALOG_COMPILER_APPICON_NAME = AppIcon;
				ASSETCATALOG_COMPILER_GLOBAL_ACCENT_COLOR_NAME = AccentColor;
				CODE_SIGN_STYLE = Automatic;
				CURRENT_PROJECT_VERSION = 1;
				DEVELOPMENT_ASSET_PATHS = "\"MatchedViewTraining/Preview Content\"";
				DEVELOPMENT_TEAM = GJ4Q87M25X;
				ENABLE_PREVIEWS = YES;
				GENERATE_INFOPLIST_FILE = YES;
				INFOPLIST_KEY_UIApplicationSceneManifest_Generation = YES;
				INFOPLIST_KEY_UIApplicationSupportsIndirectInputEvents = YES;
				INFOPLIST_KEY_UILaunchScreen_Generation = YES;
				INFOPLIST_KEY_UISupportedInterfaceOrientations_iPad = "UIInterfaceOrientationPortrait UIInterfaceOrientationPortraitUpsideDown UIInterfaceOrientationLandscapeLeft UIInterfaceOrientationLandscapeRight";
				INFOPLIST_KEY_UISupportedInterfaceOrientations_iPhone = "UIInterfaceOrientationPortrait UIInterfaceOrientationLandscapeLeft UIInterfaceOrientationLandscapeRight";
				LD_RUNPATH_SEARCH_PATHS = (
					"$(inherited)",
					"@executable_path/Frameworks",
				);
				MARKETING_VERSION = 1.0;
				PRODUCT_BUNDLE_IDENTIFIER = antoniopalomba.MatchedViewTraining;
				PRODUCT_NAME = "$(TARGET_NAME)";
				SWIFT_EMIT_LOC_STRINGS = YES;
				SWIFT_VERSION = 5.0;
				TARGETED_DEVICE_FAMILY = "1,2";
			};
			name = Release;
		};
/* End XCBuildConfiguration section */

/* Begin XCConfigurationList section */
		9E0581C629E7F108005C0C26 /* Build configuration list for PBXProject "MatchedViewTraining" */ = {
			isa = XCConfigurationList;
			buildConfigurations = (
				9E0581D729E7F10B005C0C26 /* Debug */,
				9E0581D829E7F10B005C0C26 /* Release */,
			);
			defaultConfigurationIsVisible = 0;
			defaultConfigurationName = Release;
		};
		9E0581D929E7F10B005C0C26 /* Build configuration list for PBXNativeTarget "MatchedViewTraining" */ = {
			isa = XCConfigurationList;
			buildConfigurations = (
				9E0581DA29E7F10B005C0C26 /* Debug */,
				9E0581DB29E7F10B005C0C26 /* Release */,
			);
			defaultConfigurationIsVisible = 0;
			defaultConfigurationName = Release;
		};
/* End XCConfigurationList section */
	};
	rootObject = 9E0581C329E7F108005C0C26 /* Project object */;
}
